hash: 1054c28f4d69aa04fecc71ec0dfd52a429904a5651fa71e54be79a7ddb514c33
updated: 2017-06-30T11:30:14.064744325+08:00
imports:
- name: github.com/funny/slab
  version: 7c6981bd0e511e324ed89aa209b623a8ef6f0486
- name: github.com/funny/utest
  version: 43870a37450048a2862e573cfcc7914fd7671c8a
testImports: []
